// !$*UTF8*$!
{
	archiveVersion = 1;
	classes = {
	};
	objectVersion = 46;
	objects = {

/* Begin PBXBuildFile section */
		F5C3643C1DD78747004B3A52 /* MainScreenViewControllerTests.m in Sources */ = {isa = PBXBuildFile; fileRef = F5C3643B1DD78747004B3A52 /* MainScreenViewControllerTests.m */; };
		F5C364481DD7AB40004B3A52 /* XCTest.framework in Frameworks */ = {isa = PBXBuildFile; fileRef = F5C364461DD7AAF1004B3A52 /* XCTest.framework */; settings = {ATTRIBUTES = (Weak, ); }; };
		F5CC37C11D829C4E009E7784 /* main.m in Sources */ = {isa = PBXBuildFile; fileRef = F5CC37C01D829C4E009E7784 /* main.m */; };
		F5CC37C41D829C4E009E7784 /* AppDelegate.m in Sources */ = {isa = PBXBuildFile; fileRef = F5CC37C31D829C4E009E7784 /* AppDelegate.m */; };
		F5CC37CC1D829C4E009E7784 /* Assets.xcassets in Resources */ = {isa = PBXBuildFile; fileRef = F5CC37CB1D829C4E009E7784 /* Assets.xcassets */; };
		F5CC37D71D829D33009E7784 /* launchiPhone6.xib in Resources */ = {isa = PBXBuildFile; fileRef = F5CC37D61D829D33009E7784 /* launchiPhone6.xib */; };
		F5CC37DC1D829DEF009E7784 /* MainScreenViewController.m in Sources */ = {isa = PBXBuildFile; fileRef = F5CC37DA1D829DEF009E7784 /* MainScreenViewController.m */; };
		F5CC37DD1D829DEF009E7784 /* MainScreenViewController_iPad.xib in Resources */ = {isa = PBXBuildFile; fileRef = F5CC37DB1D829DEF009E7784 /* MainScreenViewController_iPad.xib */; };
		F5CC37DF1D82D2CD009E7784 /* Security.framework in Frameworks */ = {isa = PBXBuildFile; fileRef = F5CC37DE1D82D2CD009E7784 /* Security.framework */; };
		F5CC37E11D82D2D4009E7784 /* LocalAuthentication.framework in Frameworks */ = {isa = PBXBuildFile; fileRef = F5CC37E01D82D2D4009E7784 /* LocalAuthentication.framework */; };
		F5CC37E41D830233009E7784 /* NSData+AES256.m in Sources */ = {isa = PBXBuildFile; fileRef = F5CC37E31D830233009E7784 /* NSData+AES256.m */; };
		F5CC37E91D831AA6009E7784 /* MainScreenViewController_iPadPro.xib in Resources */ = {isa = PBXBuildFile; fileRef = F5CC37E51D831AA6009E7784 /* MainScreenViewController_iPadPro.xib */; };
		F5CC37EA1D831AA6009E7784 /* MainScreenViewController_iPhone5.xib in Resources */ = {isa = PBXBuildFile; fileRef = F5CC37E61D831AA6009E7784 /* MainScreenViewController_iPhone5.xib */; };
		F5CC37EB1D831AA6009E7784 /* MainScreenViewController_iPhone6.xib in Resources */ = {isa = PBXBuildFile; fileRef = F5CC37E71D831AA6009E7784 /* MainScreenViewController_iPhone6.xib */; };
		F5CC37EC1D831AA6009E7784 /* MainScreenViewController_iPhone6plus.xib in Resources */ = {isa = PBXBuildFile; fileRef = F5CC37E81D831AA6009E7784 /* MainScreenViewController_iPhone6plus.xib */; };
/* End PBXBuildFile section */

/* Begin PBXContainerItemProxy section */
		F5C3643E1DD78747004B3A52 /* PBXContainerItemProxy */ = {
			isa = PBXContainerItemProxy;
			containerPortal = F5CC37B41D829C4E009E7784 /* Project object */;
			proxyType = 1;
			remoteGlobalIDString = F5CC37BB1D829C4E009E7784;
			remoteInfo = blackbox;
		};
/* End PBXContainerItemProxy section */

/* Begin PBXFileReference section */
		F50B1D2E1DC67B4000834A27 /* blackbox.entitlements */ = {isa = PBXFileReference; lastKnownFileType = text.plist.entitlements; path = blackbox.entitlements; sourceTree = "<group>"; };
		F5C364391DD78747004B3A52 /* blackboxTests.xctest */ = {isa = PBXFileReference; explicitFileType = wrapper.cfbundle; includeInIndex = 0; path = blackboxTests.xctest; sourceTree = BUILT_PRODUCTS_DIR; };
		F5C3643B1DD78747004B3A52 /* MainScreenViewControllerTests.m */ = {isa = PBXFileReference; lastKnownFileType = sourcecode.c.objc; path = MainScreenViewControllerTests.m; sourceTree = "<group>"; };
		F5C3643D1DD78747004B3A52 /* Info.plist */ = {isa = PBXFileReference; lastKnownFileType = text.plist.xml; path = Info.plist; sourceTree = "<group>"; };
		F5C364461DD7AAF1004B3A52 /* XCTest.framework */ = {isa = PBXFileReference; lastKnownFileType = wrapper.framework; name = XCTest.framework; path = Platforms/iPhoneOS.platform/Developer/Library/Frameworks/XCTest.framework; sourceTree = DEVELOPER_DIR; };
		F5CC37BC1D829C4E009E7784 /* blackbox.app */ = {isa = PBXFileReference; explicitFileType = wrapper.application; includeInIndex = 0; path = blackbox.app; sourceTree = BUILT_PRODUCTS_DIR; };
		F5CC37C01D829C4E009E7784 /* main.m */ = {isa = PBXFileReference; lastKnownFileType = sourcecode.c.objc; path = main.m; sourceTree = "<group>"; };
		F5CC37C21D829C4E009E7784 /* AppDelegate.h */ = {isa = PBXFileReference; lastKnownFileType = sourcecode.c.h; path = AppDelegate.h; sourceTree = "<group>"; };
		F5CC37C31D829C4E009E7784 /* AppDelegate.m */ = {isa = PBXFileReference; lastKnownFileType = sourcecode.c.objc; path = AppDelegate.m; sourceTree = "<group>"; };
		F5CC37CB1D829C4E009E7784 /* Assets.xcassets */ = {isa = PBXFileReference; lastKnownFileType = folder.assetcatalog; path = Assets.xcassets; sourceTree = "<group>"; };
		F5CC37D01D829C4E009E7784 /* Info.plist */ = {isa = PBXFileReference; lastKnownFileType = text.plist.xml; path = Info.plist; sourceTree = "<group>"; };
		F5CC37D61D829D33009E7784 /* launchiPhone6.xib */ = {isa = PBXFileReference; fileEncoding = 4; lastKnownFileType = file.xib; path = launchiPhone6.xib; sourceTree = "<group>"; };
		F5CC37D91D829DEF009E7784 /* MainScreenViewController.h */ = {isa = PBXFileReference; fileEncoding = 4; lastKnownFileType = sourcecode.c.h; path = MainScreenViewController.h; sourceTree = "<group>"; };
		F5CC37DA1D829DEF009E7784 /* MainScreenViewController.m */ = {isa = PBXFileReference; fileEncoding = 4; lastKnownFileType = sourcecode.c.objc; path = MainScreenViewController.m; sourceTree = "<group>"; };
		F5CC37DB1D829DEF009E7784 /* MainScreenViewController_iPad.xib */ = {isa = PBXFileReference; fileEncoding = 4; lastKnownFileType = file.xib; path = MainScreenViewController_iPad.xib; sourceTree = "<group>"; };
		F5CC37DE1D82D2CD009E7784 /* Security.framework */ = {isa = PBXFileReference; lastKnownFileType = wrapper.framework; name = Security.framework; path = System/Library/Frameworks/Security.framework; sourceTree = SDKROOT; };
		F5CC37E01D82D2D4009E7784 /* LocalAuthentication.framework */ = {isa = PBXFileReference; lastKnownFileType = wrapper.framework; name = LocalAuthentication.framework; path = System/Library/Frameworks/LocalAuthentication.framework; sourceTree = SDKROOT; };
		F5CC37E21D830233009E7784 /* NSData+AES256.h */ = {isa = PBXFileReference; fileEncoding = 4; lastKnownFileType = sourcecode.c.h; path = "NSData+AES256.h"; sourceTree = "<group>"; };
		F5CC37E31D830233009E7784 /* NSData+AES256.m */ = {isa = PBXFileReference; fileEncoding = 4; lastKnownFileType = sourcecode.c.objc; path = "NSData+AES256.m"; sourceTree = "<group>"; };
		F5CC37E51D831AA6009E7784 /* MainScreenViewController_iPadPro.xib */ = {isa = PBXFileReference; fileEncoding = 4; lastKnownFileType = file.xib; path = MainScreenViewController_iPadPro.xib; sourceTree = "<group>"; };
		F5CC37E61D831AA6009E7784 /* MainScreenViewController_iPhone5.xib */ = {isa = PBXFileReference; fileEncoding = 4; lastKnownFileType = file.xib; path = MainScreenViewController_iPhone5.xib; sourceTree = "<group>"; };
		F5CC37E71D831AA6009E7784 /* MainScreenViewController_iPhone6.xib */ = {isa = PBXFileReference; fileEncoding = 4; lastKnownFileType = file.xib; path = MainScreenViewController_iPhone6.xib; sourceTree = "<group>"; };
		F5CC37E81D831AA6009E7784 /* MainScreenViewController_iPhone6plus.xib */ = {isa = PBXFileReference; fileEncoding = 4; lastKnownFileType = file.xib; path = MainScreenViewController_iPhone6plus.xib; sourceTree = "<group>"; };
/* End PBXFileReference section */

/* Begin PBXFrameworksBuildPhase section */
		F5C364361DD78747004B3A52 /* Frameworks */ = {
			isa = PBXFrameworksBuildPhase;
			buildActionMask = 2147483647;
			files = (
				F5C364481DD7AB40004B3A52 /* XCTest.framework in Frameworks */,
			);
			runOnlyForDeploymentPostprocessing = 0;
		};
		F5CC37B91D829C4E009E7784 /* Frameworks */ = {
			isa = PBXFrameworksBuildPhase;
			buildActionMask = 2147483647;
			files = (
				F5CC37E11D82D2D4009E7784 /* LocalAuthentication.framework in Frameworks */,
				F5CC37DF1D82D2CD009E7784 /* Security.framework in Frameworks */,
			);
			runOnlyForDeploymentPostprocessing = 0;
		};
/* End PBXFrameworksBuildPhase section */

/* Begin PBXGroup section */
		F5C3643A1DD78747004B3A52 /* blackboxTests */ = {
			isa = PBXGroup;
			children = (
				F5C3643B1DD78747004B3A52 /* MainScreenViewControllerTests.m */,
				F5C3643D1DD78747004B3A52 /* Info.plist */,
			);
			path = blackboxTests;
			sourceTree = "<group>";
		};
		F5C364451DD7AAF1004B3A52 /* Frameworks */ = {
			isa = PBXGroup;
			children = (
				F5C364461DD7AAF1004B3A52 /* XCTest.framework */,
			);
			name = Frameworks;
			sourceTree = "<group>";
		};
		F5CC37B31D829C4E009E7784 = {
			isa = PBXGroup;
			children = (
				F5CC37E01D82D2D4009E7784 /* LocalAuthentication.framework */,
				F5CC37DE1D82D2CD009E7784 /* Security.framework */,
				F5CC37BE1D829C4E009E7784 /* blackbox */,
				F5C3643A1DD78747004B3A52 /* blackboxTests */,
				F5CC37BD1D829C4E009E7784 /* Products */,
				F5C364451DD7AAF1004B3A52 /* Frameworks */,
			);
			sourceTree = "<group>";
		};
		F5CC37BD1D829C4E009E7784 /* Products */ = {
			isa = PBXGroup;
			children = (
				F5CC37BC1D829C4E009E7784 /* blackbox.app */,
				F5C364391DD78747004B3A52 /* blackboxTests.xctest */,
			);
			name = Products;
			sourceTree = "<group>";
		};
		F5CC37BE1D829C4E009E7784 /* blackbox */ = {
			isa = PBXGroup;
			children = (
				F50B1D2E1DC67B4000834A27 /* blackbox.entitlements */,
				F5CC37D81D829DDC009E7784 /* MainScreen */,
				F5CC37C21D829C4E009E7784 /* AppDelegate.h */,
				F5CC37C31D829C4E009E7784 /* AppDelegate.m */,
				F5CC37CB1D829C4E009E7784 /* Assets.xcassets */,
				F5CC37D01D829C4E009E7784 /* Info.plist */,
				F5CC37BF1D829C4E009E7784 /* Supporting Files */,
			);
			path = blackbox;
			sourceTree = "<group>";
		};
		F5CC37BF1D829C4E009E7784 /* Supporting Files */ = {
			isa = PBXGroup;
			children = (
				F5CC37C01D829C4E009E7784 /* main.m */,
				F5CC37D61D829D33009E7784 /* launchiPhone6.xib */,
			);
			name = "Supporting Files";
			sourceTree = "<group>";
		};
		F5CC37D81D829DDC009E7784 /* MainScreen */ = {
			isa = PBXGroup;
			children = (
				F5CC37D91D829DEF009E7784 /* MainScreenViewController.h */,
				F5CC37DA1D829DEF009E7784 /* MainScreenViewController.m */,
				F5CC37E21D830233009E7784 /* NSData+AES256.h */,
				F5CC37E31D830233009E7784 /* NSData+AES256.m */,
				F5CC37E61D831AA6009E7784 /* MainScreenViewController_iPhone5.xib */,
				F5CC37E71D831AA6009E7784 /* MainScreenViewController_iPhone6.xib */,
				F5CC37E81D831AA6009E7784 /* MainScreenViewController_iPhone6plus.xib */,
				F5CC37DB1D829DEF009E7784 /* MainScreenViewController_iPad.xib */,
				F5CC37E51D831AA6009E7784 /* MainScreenViewController_iPadPro.xib */,
			);
			path = MainScreen;
			sourceTree = "<group>";
		};
/* End PBXGroup section */

/* Begin PBXNativeTarget section */
		F5C364381DD78747004B3A52 /* blackboxTests */ = {
			isa = PBXNativeTarget;
			buildConfigurationList = F5C364421DD78747004B3A52 /* Build configuration list for PBXNativeTarget "blackboxTests" */;
			buildPhases = (
				F5C364351DD78747004B3A52 /* Sources */,
				F5C364361DD78747004B3A52 /* Frameworks */,
				F5C364371DD78747004B3A52 /* Resources */,
			);
			buildRules = (
			);
			dependencies = (
				F5C3643F1DD78747004B3A52 /* PBXTargetDependency */,
			);
			name = blackboxTests;
			productName = blackboxTests;
			productReference = F5C364391DD78747004B3A52 /* blackboxTests.xctest */;
			productType = "com.apple.product-type.bundle.unit-test";
		};
		F5CC37BB1D829C4E009E7784 /* blackbox */ = {
			isa = PBXNativeTarget;
			buildConfigurationList = F5CC37D31D829C4E009E7784 /* Build configuration list for PBXNativeTarget "blackbox" */;
			buildPhases = (
				F5CC37B81D829C4E009E7784 /* Sources */,
				F5CC37B91D829C4E009E7784 /* Frameworks */,
				F5CC37BA1D829C4E009E7784 /* Resources */,
			);
			buildRules = (
			);
			dependencies = (
			);
			name = blackbox;
			productName = blackbox;
			productReference = F5CC37BC1D829C4E009E7784 /* blackbox.app */;
			productType = "com.apple.product-type.application";
		};
/* End PBXNativeTarget section */

/* Begin PBXProject section */
		F5CC37B41D829C4E009E7784 /* Project object */ = {
			isa = PBXProject;
			attributes = {
				LastUpgradeCheck = 0800;
				ORGANIZATIONNAME = "Peredovik Development";
				TargetAttributes = {
					F5C364381DD78747004B3A52 = {
						CreatedOnToolsVersion = 8.1;
						DevelopmentTeam = G5659EK6MC;
						ProvisioningStyle = Automatic;
						TestTargetID = F5CC37BB1D829C4E009E7784;
					};
					F5CC37BB1D829C4E009E7784 = {
						CreatedOnToolsVersion = 7.3.1;
						DevelopmentTeam = G5659EK6MC;
						SystemCapabilities = {
							com.apple.Keychain = {
								enabled = 0;
							};
						};
					};
				};
			};
			buildConfigurationList = F5CC37B71D829C4E009E7784 /* Build configuration list for PBXProject "blackbox" */;
			compatibilityVersion = "Xcode 3.2";
			developmentRegion = English;
			hasScannedForEncodings = 0;
			knownRegions = (
				en,
				Base,
			);
			mainGroup = F5CC37B31D829C4E009E7784;
			productRefGroup = F5CC37BD1D829C4E009E7784 /* Products */;
			projectDirPath = "";
			projectRoot = "";
			targets = (
				F5CC37BB1D829C4E009E7784 /* blackbox */,
				F5C364381DD78747004B3A52 /* blackboxTests */,
			);
		};
/* End PBXProject section */

/* Begin PBXResourcesBuildPhase section */
		F5C364371DD78747004B3A52 /* Resources */ = {
			isa = PBXResourcesBuildPhase;
			buildActionMask = 2147483647;
			files = (
			);
			runOnlyForDeploymentPostprocessing = 0;
		};
		F5CC37BA1D829C4E009E7784 /* Resources */ = {
			isa = PBXResourcesBuildPhase;
			buildActionMask = 2147483647;
			files = (
				F5CC37EA1D831AA6009E7784 /* MainScreenViewController_iPhone5.xib in Resources */,
				F5CC37CC1D829C4E009E7784 /* Assets.xcassets in Resources */,
				F5CC37D71D829D33009E7784 /* launchiPhone6.xib in Resources */,
				F5CC37EB1D831AA6009E7784 /* MainScreenViewController_iPhone6.xib in Resources */,
				F5CC37DD1D829DEF009E7784 /* MainScreenViewController_iPad.xib in Resources */,
				F5CC37E91D831AA6009E7784 /* MainScreenViewController_iPadPro.xib in Resources */,
				F5CC37EC1D831AA6009E7784 /* MainScreenViewController_iPhone6plus.xib in Resources */,
			);
			runOnlyForDeploymentPostprocessing = 0;
		};
/* End PBXResourcesBuildPhase section */

/* Begin PBXSourcesBuildPhase section */
		F5C364351DD78747004B3A52 /* Sources */ = {
			isa = PBXSourcesBuildPhase;
			buildActionMask = 2147483647;
			files = (
				F5C3643C1DD78747004B3A52 /* MainScreenViewControllerTests.m in Sources */,
			);
			runOnlyForDeploymentPostprocessing = 0;
		};
		F5CC37B81D829C4E009E7784 /* Sources */ = {
			isa = PBXSourcesBuildPhase;
			buildActionMask = 2147483647;
			files = (
				F5CC37DC1D829DEF009E7784 /* MainScreenViewController.m in Sources */,
				F5CC37C41D829C4E009E7784 /* AppDelegate.m in Sources */,
				F5CC37E41D830233009E7784 /* NSData+AES256.m in Sources */,
				F5CC37C11D829C4E009E7784 /* main.m in Sources */,
			);
			runOnlyForDeploymentPostprocessing = 0;
		};
/* End PBXSourcesBuildPhase section */

/* Begin PBXTargetDependency section */
		F5C3643F1DD78747004B3A52 /* PBXTargetDependency */ = {
			isa = PBXTargetDependency;
			target = F5CC37BB1D829C4E009E7784 /* blackbox */;
			targetProxy = F5C3643E1DD78747004B3A52 /* PBXContainerItemProxy */;
		};
/* End PBXTargetDependency section */

/* Begin XCBuildConfiguration section */
		F5C364401DD78747004B3A52 /* Debug */ = {
			isa = XCBuildConfiguration;
			buildSettings = {
				BUNDLE_LOADER = "$(TEST_HOST)";
				CLANG_WARN_DOCUMENTATION_COMMENTS = YES;
				CLANG_WARN_SUSPICIOUS_MOVES = YES;
				DEVELOPMENT_TEAM = G5659EK6MC;
				INFOPLIST_FILE = blackboxTests/Info.plist;
				IPHONEOS_DEPLOYMENT_TARGET = 10.1;
				LD_RUNPATH_SEARCH_PATHS = "$(inherited) @executable_path/Frameworks @loader_path/Frameworks";
				PRODUCT_BUNDLE_IDENTIFIER = org.peredovik.blackboxTests;
				PRODUCT_NAME = "$(TARGET_NAME)";
				TEST_HOST = "$(BUILT_PRODUCTS_DIR)/blackbox.app/blackbox";
			};
			name = Debug;
		};
		F5C364411DD78747004B3A52 /* Release */ = {
			isa = XCBuildConfiguration;
			buildSettings = {
				BUNDLE_LOADER = "$(TEST_HOST)";
				CLANG_WARN_DOCUMENTATION_COMMENTS = YES;
				CLANG_WARN_SUSPICIOUS_MOVES = YES;
				DEVELOPMENT_TEAM = G5659EK6MC;
				INFOPLIST_FILE = blackboxTests/Info.plist;
				IPHONEOS_DEPLOYMENT_TARGET = 10.1;
				LD_RUNPATH_SEARCH_PATHS = "$(inherited) @executable_path/Frameworks @loader_path/Frameworks";
				PRODUCT_BUNDLE_IDENTIFIER = org.peredovik.blackboxTests;
				PRODUCT_NAME = "$(TARGET_NAME)";
				TEST_HOST = "$(BUILT_PRODUCTS_DIR)/blackbox.app/blackbox";
			};
			name = Release;
		};
		F5CC37D11D829C4E009E7784 /* Debug */ = {
			isa = XCBuildConfiguration;
			buildSettings = {
				ALWAYS_SEARCH_USER_PATHS = NO;
				CLANG_ANALYZER_NONNULL = YES;
				CLANG_CXX_LANGUAGE_STANDARD = "gnu++0x";
				CLANG_CXX_LIBRARY = "libc++";
				CLANG_ENABLE_MODULES = YES;
				CLANG_ENABLE_OBJC_ARC = YES;
				CLANG_WARN_BOOL_CONVERSION = YES;
				CLANG_WARN_CONSTANT_CONVERSION = YES;
				CLANG_WARN_DIRECT_OBJC_ISA_USAGE = YES_ERROR;
				CLANG_WARN_EMPTY_BODY = YES;
				CLANG_WARN_ENUM_CONVERSION = YES;
				CLANG_WARN_INFINITE_RECURSION = YES;
				CLANG_WARN_INT_CONVERSION = YES;
				CLANG_WARN_OBJC_ROOT_CLASS = YES_ERROR;
				CLANG_WARN_SUSPICIOUS_MOVE = YES;
				CLANG_WARN_UNREACHABLE_CODE = YES;
				CLANG_WARN__DUPLICATE_METHOD_MATCH = YES;
				"CODE_SIGN_IDENTITY[sdk=iphoneos*]" = "iPhone Developer";
				COPY_PHASE_STRIP = NO;
				DEBUG_INFORMATION_FORMAT = dwarf;
				ENABLE_STRICT_OBJC_MSGSEND = YES;
				ENABLE_TESTABILITY = YES;
				GCC_C_LANGUAGE_STANDARD = gnu99;
				GCC_DYNAMIC_NO_PIC = NO;
				GCC_NO_COMMON_BLOCKS = YES;
				GCC_OPTIMIZATION_LEVEL = 0;
				GCC_PREPROCESSOR_DEFINITIONS = (
					"DEBUG=1",
					"$(inherited)",
				);
				GCC_WARN_64_TO_32_BIT_CONVERSION = YES;
				GCC_WARN_ABOUT_RETURN_TYPE = YES_ERROR;
				GCC_WARN_UNDECLARED_SELECTOR = YES;
				GCC_WARN_UNINITIALIZED_AUTOS = YES_AGGRESSIVE;
				GCC_WARN_UNUSED_FUNCTION = YES;
				GCC_WARN_UNUSED_VARIABLE = YES;
				IPHONEOS_DEPLOYMENT_TARGET = 9.3;
				MTL_ENABLE_DEBUG_INFO = YES;
				ONLY_ACTIVE_ARCH = YES;
				SDKROOT = iphoneos;
				TARGETED_DEVICE_FAMILY = "1,2";
			};
			name = Debug;
		};
		F5CC37D21D829C4E009E7784 /* Release */ = {
			isa = XCBuildConfiguration;
			buildSettings = {
				ALWAYS_SEARCH_USER_PATHS = NO;
				CLANG_ANALYZER_NONNULL = YES;
				CLANG_CXX_LANGUAGE_STANDARD = "gnu++0x";
				CLANG_CXX_LIBRARY = "libc++";
				CLANG_ENABLE_MODULES = YES;
				CLANG_ENABLE_OBJC_ARC = YES;
				CLANG_WARN_BOOL_CONVERSION = YES;
				CLANG_WARN_CONSTANT_CONVERSION = YES;
				CLANG_WARN_DIRECT_OBJC_ISA_USAGE = YES_ERROR;
				CLANG_WARN_EMPTY_BODY = YES;
				CLANG_WARN_ENUM_CONVERSION = YES;
				CLANG_WARN_INFINITE_RECURSION = YES;
				CLANG_WARN_INT_CONVERSION = YES;
				CLANG_WARN_OBJC_ROOT_CLASS = YES_ERROR;
				CLANG_WARN_SUSPICIOUS_MOVE = YES;
				CLANG_WARN_UNREACHABLE_CODE = YES;
				CLANG_WARN__DUPLICATE_METHOD_MATCH = YES;
				"CODE_SIGN_IDENTITY[sdk=iphoneos*]" = "iPhone Developer";
				COPY_PHASE_STRIP = NO;
				DEBUG_INFORMATION_FORMAT = "dwarf-with-dsym";
				ENABLE_NS_ASSERTIONS = NO;
				ENABLE_STRICT_OBJC_MSGSEND = YES;
				GCC_C_LANGUAGE_STANDARD = gnu99;
				GCC_NO_COMMON_BLOCKS = YES;
				GCC_WARN_64_TO_32_BIT_CONVERSION = YES;
				GCC_WARN_ABOUT_RETURN_TYPE = YES_ERROR;
				GCC_WARN_UNDECLARED_SELECTOR = YES;
				GCC_WARN_UNINITIALIZED_AUTOS = YES_AGGRESSIVE;
				GCC_WARN_UNUSED_FUNCTION = YES;
				GCC_WARN_UNUSED_VARIABLE = YES;
				IPHONEOS_DEPLOYMENT_TARGET = 9.3;
				MTL_ENABLE_DEBUG_INFO = NO;
				SDKROOT = iphoneos;
				TARGETED_DEVICE_FAMILY = "1,2";
				VALIDATE_PRODUCT = YES;
			};
			name = Release;
		};
		F5CC37D41D829C4E009E7784 /* Debug */ = {
			isa = XCBuildConfiguration;
			buildSettings = {
				ASSETCATALOG_COMPILER_APPICON_NAME = AppIcon;
				CODE_SIGN_IDENTITY = "iPhone Developer";
				INFOPLIST_FILE = blackbox/Info.plist;
				LD_RUNPATH_SEARCH_PATHS = "$(inherited) @executable_path/Frameworks";
				PRODUCT_BUNDLE_IDENTIFIER = org.peredovik.blackbox;
				PRODUCT_NAME = "$(TARGET_NAME)";
			};
			name = Debug;
		};
		F5CC37D51D829C4E009E7784 /* Release */ = {
			isa = XCBuildConfiguration;
			buildSettings = {
				ASSETCATALOG_COMPILER_APPICON_NAME = AppIcon;
				CODE_SIGN_IDENTITY = "iPhone Developer";
				INFOPLIST_FILE = blackbox/Info.plist;
				LD_RUNPATH_SEARCH_PATHS = "$(inherited) @executable_path/Frameworks";
				PRODUCT_BUNDLE_IDENTIFIER = org.peredovik.blackbox;
				PRODUCT_NAME = "$(TARGET_NAME)";
			};
			name = Release;
		};
/* End XCBuildConfiguration section */

/* Begin XCConfigurationList section */
		F5C364421DD78747004B3A52 /* Build configuration list for PBXNativeTarget "blackboxTests" */ = {
			isa = XCConfigurationList;
			buildConfigurations = (
				F5C364401DD78747004B3A52 /* Debug */,
				F5C364411DD78747004B3A52 /* Release */,
			);
			defaultConfigurationIsVisible = 0;
		};
		F5CC37B71D829C4E009E7784 /* Build configuration list for PBXProject "blackbox" */ = {
			isa = XCConfigurationList;
			buildConfigurations = (
				F5CC37D11D829C4E009E7784 /* Debug */,
				F5CC37D21D829C4E009E7784 /* Release */,
			);
			defaultConfigurationIsVisible = 0;
			defaultConfigurationName = Release;
		};
		F5CC37D31D829C4E009E7784 /* Build configuration list for PBXNativeTarget "blackbox" */ = {
			isa = XCConfigurationList;
			buildConfigurations = (
				F5CC37D41D829C4E009E7784 /* Debug */,
				F5CC37D51D829C4E009E7784 /* Release */,
			);
			defaultConfigurationIsVisible = 0;
			defaultConfigurationName = Release;
		};
/* End XCConfigurationList section */
	};
	rootObject = F5CC37B41D829C4E009E7784 /* Project object */;
}
